// !$*UTF8*$!
{
	archiveVersion = 1;
	classes = {
	};
	objectVersion = 46;
	objects = {

/* Begin PBXBuildFile section */
		231DD9C1A3E1BA93044FFD7A /* Pods.framework in Frameworks */ = {isa = PBXBuildFile; fileRef = CB73ED42603C8B35139A48CB /* Pods.framework */; settings = {ATTRIBUTES = (Weak, ); }; };
		306E7F2F1CB897C400F6E1C7 /* main.m in Sources */ = {isa = PBXBuildFile; fileRef = 306E7F2E1CB897C400F6E1C7 /* main.m */; };
		306E7F321CB897C400F6E1C7 /* AppDelegate.m in Sources */ = {isa = PBXBuildFile; fileRef = 306E7F311CB897C400F6E1C7 /* AppDelegate.m */; };
		306E7F351CB897C400F6E1C7 /* ViewController.m in Sources */ = {isa = PBXBuildFile; fileRef = 306E7F341CB897C400F6E1C7 /* ViewController.m */; };
		306E7F381CB897C400F6E1C7 /* Main.storyboard in Resources */ = {isa = PBXBuildFile; fileRef = 306E7F361CB897C400F6E1C7 /* Main.storyboard */; };
		306E7F3A1CB897C400F6E1C7 /* Assets.xcassets in Resources */ = {isa = PBXBuildFile; fileRef = 306E7F391CB897C400F6E1C7 /* Assets.xcassets */; };
		306E7F3D1CB897C400F6E1C7 /* LaunchScreen.storyboard in Resources */ = {isa = PBXBuildFile; fileRef = 306E7F3B1CB897C400F6E1C7 /* LaunchScreen.storyboard */; };
		306E7F481CB897C500F6E1C7 /* CoreMotionDemoTests.m in Sources */ = {isa = PBXBuildFile; fileRef = 306E7F471CB897C500F6E1C7 /* CoreMotionDemoTests.m */; };
		306E7F531CB897C500F6E1C7 /* CoreMotionDemoUITests.m in Sources */ = {isa = PBXBuildFile; fileRef = 306E7F521CB897C500F6E1C7 /* CoreMotionDemoUITests.m */; };
		306E7F621CB89F0100F6E1C7 /* motionViewModel.m in Sources */ = {isa = PBXBuildFile; fileRef = 306E7F611CB89F0100F6E1C7 /* motionViewModel.m */; };
/* End PBXBuildFile section */

/* Begin PBXContainerItemProxy section */
		306E7F441CB897C500F6E1C7 /* PBXContainerItemProxy */ = {
			isa = PBXContainerItemProxy;
			containerPortal = 306E7F221CB897C400F6E1C7 /* Project object */;
			proxyType = 1;
			remoteGlobalIDString = 306E7F291CB897C400F6E1C7;
			remoteInfo = CoreMotionDemo;
		};
		306E7F4F1CB897C500F6E1C7 /* PBXContainerItemProxy */ = {
			isa = PBXContainerItemProxy;
			containerPortal = 306E7F221CB897C400F6E1C7 /* Project object */;
			proxyType = 1;
			remoteGlobalIDString = 306E7F291CB897C400F6E1C7;
			remoteInfo = CoreMotionDemo;
		};
/* End PBXContainerItemProxy section */

/* Begin PBXFileReference section */
		08B19E89B72A8786A0258898 /* Pods.release.xcconfig */ = {isa = PBXFileReference; includeInIndex = 1; lastKnownFileType = text.xcconfig; name = Pods.release.xcconfig; path = "Pods/Target Support Files/Pods/Pods.release.xcconfig"; sourceTree = "<group>"; };
		22772B5A19F556F7069A1C40 /* Pods.debug.xcconfig */ = {isa = PBXFileReference; includeInIndex = 1; lastKnownFileType = text.xcconfig; name = Pods.debug.xcconfig; path = "Pods/Target Support Files/Pods/Pods.debug.xcconfig"; sourceTree = "<group>"; };
		306E7F2A1CB897C400F6E1C7 /* CoreMotionDemo.app */ = {isa = PBXFileReference; explicitFileType = wrapper.application; includeInIndex = 0; path = CoreMotionDemo.app; sourceTree = BUILT_PRODUCTS_DIR; };
		306E7F2E1CB897C400F6E1C7 /* main.m */ = {isa = PBXFileReference; lastKnownFileType = sourcecode.c.objc; path = main.m; sourceTree = "<group>"; };
		306E7F301CB897C400F6E1C7 /* AppDelegate.h */ = {isa = PBXFileReference; lastKnownFileType = sourcecode.c.h; path = AppDelegate.h; sourceTree = "<group>"; };
		306E7F311CB897C400F6E1C7 /* AppDelegate.m */ = {isa = PBXFileReference; lastKnownFileType = sourcecode.c.objc; path = AppDelegate.m; sourceTree = "<group>"; };
		306E7F331CB897C400F6E1C7 /* ViewController.h */ = {isa = PBXFileReference; lastKnownFileType = sourcecode.c.h; path = ViewController.h; sourceTree = "<group>"; };
		306E7F341CB897C400F6E1C7 /* ViewController.m */ = {isa = PBXFileReference; lastKnownFileType = sourcecode.c.objc; path = ViewController.m; sourceTree = "<group>"; };
		306E7F371CB897C400F6E1C7 /* Base */ = {isa = PBXFileReference; lastKnownFileType = file.storyboard; name = Base; path = Base.lproj/Main.storyboard; sourceTree = "<group>"; };
		306E7F391CB897C400F6E1C7 /* Assets.xcassets */ = {isa = PBXFileReference; lastKnownFileType = folder.assetcatalog; path = Assets.xcassets; sourceTree = "<group>"; };
		306E7F3C1CB897C400F6E1C7 /* Base */ = {isa = PBXFileReference; lastKnownFileType = file.storyboard; name = Base; path = Base.lproj/LaunchScreen.storyboard; sourceTree = "<group>"; };
		306E7F3E1CB897C400F6E1C7 /* Info.plist */ = {isa = PBXFileReference; lastKnownFileType = text.plist.xml; path = Info.plist; sourceTree = "<group>"; };
		306E7F431CB897C500F6E1C7 /* CoreMotionDemoTests.xctest */ = {isa = PBXFileReference; explicitFileType = wrapper.cfbundle; includeInIndex = 0; path = CoreMotionDemoTests.xctest; sourceTree = BUILT_PRODUCTS_DIR; };
		306E7F471CB897C500F6E1C7 /* CoreMotionDemoTests.m */ = {isa = PBXFileReference; lastKnownFileType = sourcecode.c.objc; path = CoreMotionDemoTests.m; sourceTree = "<group>"; };
		306E7F491CB897C500F6E1C7 /* Info.plist */ = {isa = PBXFileReference; lastKnownFileType = text.plist.xml; path = Info.plist; sourceTree = "<group>"; };
		306E7F4E1CB897C500F6E1C7 /* CoreMotionDemoUITests.xctest */ = {isa = PBXFileReference; explicitFileType = wrapper.cfbundle; includeInIndex = 0; path = CoreMotionDemoUITests.xctest; sourceTree = BUILT_PRODUCTS_DIR; };
		306E7F521CB897C500F6E1C7 /* CoreMotionDemoUITests.m */ = {isa = PBXFileReference; lastKnownFileType = sourcecode.c.objc; path = CoreMotionDemoUITests.m; sourceTree = "<group>"; };
		306E7F541CB897C500F6E1C7 /* Info.plist */ = {isa = PBXFileReference; lastKnownFileType = text.plist.xml; path = Info.plist; sourceTree = "<group>"; };
		306E7F601CB89F0100F6E1C7 /* motionViewModel.h */ = {isa = PBXFileReference; fileEncoding = 4; lastKnownFileType = sourcecode.c.h; path = motionViewModel.h; sourceTree = "<group>"; };
		306E7F611CB89F0100F6E1C7 /* motionViewModel.m */ = {isa = PBXFileReference; fileEncoding = 4; lastKnownFileType = sourcecode.c.objc; path = motionViewModel.m; sourceTree = "<group>"; };
		CB73ED42603C8B35139A48CB /* Pods.framework */ = {isa = PBXFileReference; explicitFileType = wrapper.framework; includeInIndex = 0; path = Pods.framework; sourceTree = BUILT_PRODUCTS_DIR; };
/* End PBXFileReference section */

/* Begin PBXFrameworksBuildPhase section */
		306E7F271CB897C400F6E1C7 /* Frameworks */ = {
			isa = PBXFrameworksBuildPhase;
			buildActionMask = 2147483647;
			files = (
				231DD9C1A3E1BA93044FFD7A /* Pods.framework in Frameworks */,
			);
			runOnlyForDeploymentPostprocessing = 0;
		};
		306E7F401CB897C500F6E1C7 /* Frameworks */ = {
			isa = PBXFrameworksBuildPhase;
			buildActionMask = 2147483647;
			files = (
			);
			runOnlyForDeploymentPostprocessing = 0;
		};
		306E7F4B1CB897C500F6E1C7 /* Frameworks */ = {
			isa = PBXFrameworksBuildPhase;
			buildActionMask = 2147483647;
			files = (
			);
			runOnlyForDeploymentPostprocessing = 0;
		};
/* End PBXFrameworksBuildPhase section */

/* Begin PBXGroup section */
		306E7F211CB897C400F6E1C7 = {
			isa = PBXGroup;
			children = (
				306E7F2C1CB897C400F6E1C7 /* CoreMotionDemo */,
				306E7F461CB897C500F6E1C7 /* CoreMotionDemoTests */,
				306E7F511CB897C500F6E1C7 /* CoreMotionDemoUITests */,
				306E7F2B1CB897C400F6E1C7 /* Products */,
				6A6EF856E82322E2159A82A4 /* Pods */,
				DBEE632059531C5DCFF9785E /* Frameworks */,
			);
			sourceTree = "<group>";
		};
		306E7F2B1CB897C400F6E1C7 /* Products */ = {
			isa = PBXGroup;
			children = (
				306E7F2A1CB897C400F6E1C7 /* CoreMotionDemo.app */,
				306E7F431CB897C500F6E1C7 /* CoreMotionDemoTests.xctest */,
				306E7F4E1CB897C500F6E1C7 /* CoreMotionDemoUITests.xctest */,
			);
			name = Products;
			sourceTree = "<group>";
		};
		306E7F2C1CB897C400F6E1C7 /* CoreMotionDemo */ = {
			isa = PBXGroup;
			children = (
				306E7F301CB897C400F6E1C7 /* AppDelegate.h */,
				306E7F311CB897C400F6E1C7 /* AppDelegate.m */,
				306E7F331CB897C400F6E1C7 /* ViewController.h */,
				306E7F341CB897C400F6E1C7 /* ViewController.m */,
				306E7F601CB89F0100F6E1C7 /* motionViewModel.h */,
				306E7F611CB89F0100F6E1C7 /* motionViewModel.m */,
				306E7F361CB897C400F6E1C7 /* Main.storyboard */,
				306E7F391CB897C400F6E1C7 /* Assets.xcassets */,
				306E7F3B1CB897C400F6E1C7 /* LaunchScreen.storyboard */,
				306E7F3E1CB897C400F6E1C7 /* Info.plist */,
				306E7F2D1CB897C400F6E1C7 /* Supporting Files */,
			);
			path = CoreMotionDemo;
			sourceTree = "<group>";
		};
		306E7F2D1CB897C400F6E1C7 /* Supporting Files */ = {
			isa = PBXGroup;
			children = (
				306E7F2E1CB897C400F6E1C7 /* main.m */,
			);
			name = "Supporting Files";
			sourceTree = "<group>";
		};
		306E7F461CB897C500F6E1C7 /* CoreMotionDemoTests */ = {
			isa = PBXGroup;
			children = (
				306E7F471CB897C500F6E1C7 /* CoreMotionDemoTests.m */,
				306E7F491CB897C500F6E1C7 /* Info.plist */,
			);
			path = CoreMotionDemoTests;
			sourceTree = "<group>";
		};
		306E7F511CB897C500F6E1C7 /* CoreMotionDemoUITests */ = {
			isa = PBXGroup;
			children = (
				306E7F521CB897C500F6E1C7 /* CoreMotionDemoUITests.m */,
				306E7F541CB897C500F6E1C7 /* Info.plist */,
			);
			path = CoreMotionDemoUITests;
			sourceTree = "<group>";
		};
		6A6EF856E82322E2159A82A4 /* Pods */ = {
			isa = PBXGroup;
			children = (
				22772B5A19F556F7069A1C40 /* Pods.debug.xcconfig */,
				08B19E89B72A8786A0258898 /* Pods.release.xcconfig */,
			);
			name = Pods;
			sourceTree = "<group>";
		};
		DBEE632059531C5DCFF9785E /* Frameworks */ = {
			isa = PBXGroup;
			children = (
				CB73ED42603C8B35139A48CB /* Pods.framework */,
			);
			name = Frameworks;
			sourceTree = "<group>";
		};
/* End PBXGroup section */

/* Begin PBXNativeTarget section */
		306E7F291CB897C400F6E1C7 /* CoreMotionDemo */ = {
			isa = PBXNativeTarget;
			buildConfigurationList = 306E7F571CB897C500F6E1C7 /* Build configuration list for PBXNativeTarget "CoreMotionDemo" */;
			buildPhases = (
				492258B926CC874DE9512C78 /* Check Pods Manifest.lock */,
				306E7F261CB897C400F6E1C7 /* Sources */,
				306E7F271CB897C400F6E1C7 /* Frameworks */,
				306E7F281CB897C400F6E1C7 /* Resources */,
				5C5055096D2EE692FB49AAA2 /* Embed Pods Frameworks */,
				843DAA2975F94A164C31762D /* Copy Pods Resources */,
			);
			buildRules = (
			);
			dependencies = (
			);
			name = CoreMotionDemo;
			productName = CoreMotionDemo;
			productReference = 306E7F2A1CB897C400F6E1C7 /* CoreMotionDemo.app */;
			productType = "com.apple.product-type.application";
		};
		306E7F421CB897C500F6E1C7 /* CoreMotionDemoTests */ = {
			isa = PBXNativeTarget;
			buildConfigurationList = 306E7F5A1CB897C500F6E1C7 /* Build configuration list for PBXNativeTarget "CoreMotionDemoTests" */;
			buildPhases = (
				306E7F3F1CB897C500F6E1C7 /* Sources */,
				306E7F401CB897C500F6E1C7 /* Frameworks */,
				306E7F411CB897C500F6E1C7 /* Resources */,
			);
			buildRules = (
			);
			dependencies = (
				306E7F451CB897C500F6E1C7 /* PBXTargetDependency */,
			);
			name = CoreMotionDemoTests;
			productName = CoreMotionDemoTests;
			productReference = 306E7F431CB897C500F6E1C7 /* CoreMotionDemoTests.xctest */;
			productType = "com.apple.product-type.bundle.unit-test";
		};
		306E7F4D1CB897C500F6E1C7 /* CoreMotionDemoUITests */ = {
			isa = PBXNativeTarget;
			buildConfigurationList = 306E7F5D1CB897C500F6E1C7 /* Build configuration list for PBXNativeTarget "CoreMotionDemoUITests" */;
			buildPhases = (
				306E7F4A1CB897C500F6E1C7 /* Sources */,
				306E7F4B1CB897C500F6E1C7 /* Frameworks */,
				306E7F4C1CB897C500F6E1C7 /* Resources */,
			);
			buildRules = (
			);
			dependencies = (
				306E7F501CB897C500F6E1C7 /* PBXTargetDependency */,
			);
			name = CoreMotionDemoUITests;
			productName = CoreMotionDemoUITests;
			productReference = 306E7F4E1CB897C500F6E1C7 /* CoreMotionDemoUITests.xctest */;
			productType = "com.apple.product-type.bundle.ui-testing";
		};
/* End PBXNativeTarget section */

/* Begin PBXProject section */
		306E7F221CB897C400F6E1C7 /* Project object */ = {
			isa = PBXProject;
			attributes = {
				LastUpgradeCheck = 0720;
				ORGANIZATIONNAME = zhusven;
				TargetAttributes = {
					306E7F291CB897C400F6E1C7 = {
						CreatedOnToolsVersion = 7.2;
					};
					306E7F421CB897C500F6E1C7 = {
						CreatedOnToolsVersion = 7.2;
						TestTargetID = 306E7F291CB897C400F6E1C7;
					};
					306E7F4D1CB897C500F6E1C7 = {
						CreatedOnToolsVersion = 7.2;
						TestTargetID = 306E7F291CB897C400F6E1C7;
					};
				};
			};
			buildConfigurationList = 306E7F251CB897C400F6E1C7 /* Build configuration list for PBXProject "CoreMotionDemo" */;
			compatibilityVersion = "Xcode 3.2";
			developmentRegion = English;
			hasScannedForEncodings = 0;
			knownRegions = (
				en,
				Base,
			);
			mainGroup = 306E7F211CB897C400F6E1C7;
			productRefGroup = 306E7F2B1CB897C400F6E1C7 /* Products */;
			projectDirPath = "";
			projectRoot = "";
			targets = (
				306E7F291CB897C400F6E1C7 /* CoreMotionDemo */,
				306E7F421CB897C500F6E1C7 /* CoreMotionDemoTests */,
				306E7F4D1CB897C500F6E1C7 /* CoreMotionDemoUITests */,
			);
		};
/* End PBXProject section */

/* Begin PBXResourcesBuildPhase section */
		306E7F281CB897C400F6E1C7 /* Resources */ = {
			isa = PBXResourcesBuildPhase;
			buildActionMask = 2147483647;
			files = (
				306E7F3D1CB897C400F6E1C7 /* LaunchScreen.storyboard in Resources */,
				306E7F3A1CB897C400F6E1C7 /* Assets.xcassets in Resources */,
				306E7F381CB897C400F6E1C7 /* Main.storyboard in Resources */,
			);
			runOnlyForDeploymentPostprocessing = 0;
		};
		306E7F411CB897C500F6E1C7 /* Resources */ = {
			isa = PBXResourcesBuildPhase;
			buildActionMask = 2147483647;
			files = (
			);
			runOnlyForDeploymentPostprocessing = 0;
		};
		306E7F4C1CB897C500F6E1C7 /* Resources */ = {
			isa = PBXResourcesBuildPhase;
			buildActionMask = 2147483647;
			files = (
			);
			runOnlyForDeploymentPostprocessing = 0;
		};
/* End PBXResourcesBuildPhase section */

/* Begin PBXShellScriptBuildPhase section */
		492258B926CC874DE9512C78 /* Check Pods Manifest.lock */ = {
			isa = PBXShellScriptBuildPhase;
			buildActionMask = 2147483647;
			files = (
			);
			inputPaths = (
			);
			name = "Check Pods Manifest.lock";
			outputPaths = (
			);
			runOnlyForDeploymentPostprocessing = 0;
			shellPath = /bin/sh;
			shellScript = "diff \"${PODS_ROOT}/../Podfile.lock\" \"${PODS_ROOT}/Manifest.lock\" > /dev/null\nif [[ $? != 0 ]] ; then\n    cat << EOM\nerror: The sandbox is not in sync with the Podfile.lock. Run 'pod install' or update your CocoaPods installation.\nEOM\n    exit 1\nfi\n";
			showEnvVarsInLog = 0;
		};
		5C5055096D2EE692FB49AAA2 /* Embed Pods Frameworks */ = {
			isa = PBXShellScriptBuildPhase;
			buildActionMask = 2147483647;
			files = (
			);
			inputPaths = (
			);
			name = "Embed Pods Frameworks";
			outputPaths = (
			);
			runOnlyForDeploymentPostprocessing = 0;
			shellPath = /bin/sh;
			shellScript = "\"${SRCROOT}/Pods/Target Support Files/Pods/Pods-frameworks.sh\"\n";
			showEnvVarsInLog = 0;
		};
		843DAA2975F94A164C31762D /* Copy Pods Resources */ = {
			isa = PBXShellScriptBuildPhase;
			buildActionMask = 2147483647;
			files = (
			);
			inputPaths = (
			);
			name = "Copy Pods Resources";
			outputPaths = (
			);
			runOnlyForDeploymentPostprocessing = 0;
			shellPath = /bin/sh;
			shellScript = "\"${SRCROOT}/Pods/Target Support Files/Pods/Pods-resources.sh\"\n";
			showEnvVarsInLog = 0;
		};
/* End PBXShellScriptBuildPhase section */

/* Begin PBXSourcesBuildPhase section */
		306E7F261CB897C400F6E1C7 /* Sources */ = {
			isa = PBXSourcesBuildPhase;
			buildActionMask = 2147483647;
			files = (
				306E7F351CB897C400F6E1C7 /* ViewController.m in Sources */,
				306E7F321CB897C400F6E1C7 /* AppDelegate.m in Sources */,
				306E7F621CB89F0100F6E1C7 /* motionViewModel.m in Sources */,
				306E7F2F1CB897C400F6E1C7 /* main.m in Sources */,
			);
			runOnlyForDeploymentPostprocessing = 0;
		};
		306E7F3F1CB897C500F6E1C7 /* Sources */ = {
			isa = PBXSourcesBuildPhase;
			buildActionMask = 2147483647;
			files = (
				306E7F481CB897C500F6E1C7 /* CoreMotionDemoTests.m in Sources */,
			);
			runOnlyForDeploymentPostprocessing = 0;
		};
		306E7F4A1CB897C500F6E1C7 /* Sources */ = {
			isa = PBXSourcesBuildPhase;
			buildActionMask = 2147483647;
			files = (
				306E7F531CB897C500F6E1C7 /* CoreMotionDemoUITests.m in Sources */,
			);
			runOnlyForDeploymentPostprocessing = 0;
		};
/* End PBXSourcesBuildPhase section */

/* Begin PBXTargetDependency section */
		306E7F451CB897C500F6E1C7 /* PBXTargetDependency */ = {
			isa = PBXTargetDependency;
			target = 306E7F291CB897C400F6E1C7 /* CoreMotionDemo */;
			targetProxy = 306E7F441CB897C500F6E1C7 /* PBXContainerItemProxy */;
		};
		306E7F501CB897C500F6E1C7 /* PBXTargetDependency */ = {
			isa = PBXTargetDependency;
			target = 306E7F291CB897C400F6E1C7 /* CoreMotionDemo */;
			targetProxy = 306E7F4F1CB897C500F6E1C7 /* PBXContainerItemProxy */;
		};
/* End PBXTargetDependency section */

/* Begin PBXVariantGroup section */
		306E7F361CB897C400F6E1C7 /* Main.storyboard */ = {
			isa = PBXVariantGroup;
			children = (
				306E7F371CB897C400F6E1C7 /* Base */,
			);
			name = Main.storyboard;
			sourceTree = "<group>";
		};
		306E7F3B1CB897C400F6E1C7 /* LaunchScreen.storyboard */ = {
			isa = PBXVariantGroup;
			children = (
				306E7F3C1CB897C400F6E1C7 /* Base */,
			);
			name = LaunchScreen.storyboard;
			sourceTree = "<group>";
		};
/* End PBXVariantGroup section */

/* Begin XCBuildConfiguration section */
		306E7F551CB897C500F6E1C7 /* Debug */ = {
			isa = XCBuildConfiguration;
			buildSettings = {
				ALWAYS_SEARCH_USER_PATHS = NO;
				CLANG_CXX_LANGUAGE_STANDARD = "gnu++0x";
				CLANG_CXX_LIBRARY = "libc++";
				CLANG_ENABLE_MODULES = YES;
				CLANG_ENABLE_OBJC_ARC = YES;
				CLANG_WARN_BOOL_CONVERSION = YES;
				CLANG_WARN_CONSTANT_CONVERSION = YES;
				CLANG_WARN_DIRECT_OBJC_ISA_USAGE = YES_ERROR;
				CLANG_WARN_EMPTY_BODY = YES;
				CLANG_WARN_ENUM_CONVERSION = YES;
				CLANG_WARN_INT_CONVERSION = YES;
				CLANG_WARN_OBJC_ROOT_CLASS = YES_ERROR;
				CLANG_WARN_UNREACHABLE_CODE = YES;
				CLANG_WARN__DUPLICATE_METHOD_MATCH = YES;
				"CODE_SIGN_IDENTITY[sdk=iphoneos*]" = "iPhone Developer";
				COPY_PHASE_STRIP = NO;
				DEBUG_INFORMATION_FORMAT = dwarf;
				ENABLE_STRICT_OBJC_MSGSEND = YES;
				ENABLE_TESTABILITY = YES;
				GCC_C_LANGUAGE_STANDARD = gnu99;
				GCC_DYNAMIC_NO_PIC = NO;
				GCC_NO_COMMON_BLOCKS = YES;
				GCC_OPTIMIZATION_LEVEL = 0;
				GCC_PREPROCESSOR_DEFINITIONS = (
					"DEBUG=1",
					"$(inherited)",
				);
				GCC_WARN_64_TO_32_BIT_CONVERSION = YES;
				GCC_WARN_ABOUT_RETURN_TYPE = YES_ERROR;
				GCC_WARN_UNDECLARED_SELECTOR = YES;
				GCC_WARN_UNINITIALIZED_AUTOS = YES_AGGRESSIVE;
				GCC_WARN_UNUSED_FUNCTION = YES;
				GCC_WARN_UNUSED_VARIABLE = YES;
				IPHONEOS_DEPLOYMENT_TARGET = 9.2;
				MTL_ENABLE_DEBUG_INFO = YES;
				ONLY_ACTIVE_ARCH = YES;
				SDKROOT = iphoneos;
				TARGETED_DEVICE_FAMILY = "1,2";
			};
			name = Debug;
		};
		306E7F561CB897C500F6E1C7 /* Release */ = {
			isa = XCBuildConfiguration;
			buildSettings = {
				ALWAYS_SEARCH_USER_PATHS = NO;
				CLANG_CXX_LANGUAGE_STANDARD = "gnu++0x";
				CLANG_CXX_LIBRARY = "libc++";
				CLANG_ENABLE_MODULES = YES;
				CLANG_ENABLE_OBJC_ARC = YES;
				CLANG_WARN_BOOL_CONVERSION = YES;
				CLANG_WARN_CONSTANT_CONVERSION = YES;
				CLANG_WARN_DIRECT_OBJC_ISA_USAGE = YES_ERROR;
				CLANG_WARN_EMPTY_BODY = YES;
				CLANG_WARN_ENUM_CONVERSION = YES;
				CLANG_WARN_INT_CONVERSION = YES;
				CLANG_WARN_OBJC_ROOT_CLASS = YES_ERROR;
				CLANG_WARN_UNREACHABLE_CODE = YES;
				CLANG_WARN__DUPLICATE_METHOD_MATCH = YES;
				"CODE_SIGN_IDENTITY[sdk=iphoneos*]" = "iPhone Developer";
				COPY_PHASE_STRIP = NO;
				DEBUG_INFORMATION_FORMAT = "dwarf-with-dsym";
				ENABLE_NS_ASSERTIONS = NO;
				ENABLE_STRICT_OBJC_MSGSEND = YES;
				GCC_C_LANGUAGE_STANDARD = gnu99;
				GCC_NO_COMMON_BLOCKS = YES;
				GCC_WARN_64_TO_32_BIT_CONVERSION = YES;
				GCC_WARN_ABOUT_RETURN_TYPE = YES_ERROR;
				GCC_WARN_UNDECLARED_SELECTOR = YES;
				GCC_WARN_UNINITIALIZED_AUTOS = YES_AGGRESSIVE;
				GCC_WARN_UNUSED_FUNCTION = YES;
				GCC_WARN_UNUSED_VARIABLE = YES;
				IPHONEOS_DEPLOYMENT_TARGET = 9.2;
				MTL_ENABLE_DEBUG_INFO = NO;
				SDKROOT = iphoneos;
				TARGETED_DEVICE_FAMILY = "1,2";
				VALIDATE_PRODUCT = YES;
			};
			name = Release;
		};
		306E7F581CB897C500F6E1C7 /* Debug */ = {
			isa = XCBuildConfiguration;
			baseConfigurationReference = 22772B5A19F556F7069A1C40 /* Pods.debug.xcconfig */;
			buildSettings = {
				ASSETCATALOG_COMPILER_APPICON_NAME = AppIcon;
				INFOPLIST_FILE = CoreMotionDemo/Info.plist;
				LD_RUNPATH_SEARCH_PATHS = "$(inherited) @executable_path/Frameworks";
				PRODUCT_BUNDLE_IDENTIFIER = com.surpriseforme.zhu.CoreMotionDemo;
				PRODUCT_NAME = "$(TARGET_NAME)";
			};
			name = Debug;
		};
		306E7F591CB897C500F6E1C7 /* Release */ = {
			isa = XCBuildConfiguration;
			baseConfigurationReference = 08B19E89B72A8786A0258898 /* Pods.release.xcconfig */;
			buildSettings = {
				ASSETCATALOG_COMPILER_APPICON_NAME = AppIcon;
				INFOPLIST_FILE = CoreMotionDemo/Info.plist;
				LD_RUNPATH_SEARCH_PATHS = "$(inherited) @executable_path/Frameworks";
				PRODUCT_BUNDLE_IDENTIFIER = com.surpriseforme.zhu.CoreMotionDemo;
				PRODUCT_NAME = "$(TARGET_NAME)";
			};
			name = Release;
		};
		306E7F5B1CB897C500F6E1C7 /* Debug */ = {
			isa = XCBuildConfiguration;
			buildSettings = {
				BUNDLE_LOADER = "$(TEST_HOST)";
				INFOPLIST_FILE = CoreMotionDemoTests/Info.plist;
				LD_RUNPATH_SEARCH_PATHS = "$(inherited) @executable_path/Frameworks @loader_path/Frameworks";
				PRODUCT_BUNDLE_IDENTIFIER = com.surpriseforme.zhu.CoreMotionDemoTests;
				PRODUCT_NAME = "$(TARGET_NAME)";
				TEST_HOST = "$(BUILT_PRODUCTS_DIR)/CoreMotionDemo.app/CoreMotionDemo";
			};
			name = Debug;
		};
		306E7F5C1CB897C500F6E1C7 /* Release */ = {
			isa = XCBuildConfiguration;
			buildSettings = {
				BUNDLE_LOADER = "$(TEST_HOST)";
				INFOPLIST_FILE = CoreMotionDemoTests/Info.plist;
				LD_RUNPATH_SEARCH_PATHS = "$(inherited) @executable_path/Frameworks @loader_path/Frameworks";
				PRODUCT_BUNDLE_IDENTIFIER = com.surpriseforme.zhu.CoreMotionDemoTests;
				PRODUCT_NAME = "$(TARGET_NAME)";
				TEST_HOST = "$(BUILT_PRODUCTS_DIR)/CoreMotionDemo.app/CoreMotionDemo";
			};
			name = Release;
		};
		306E7F5E1CB897C500F6E1C7 /* Debug */ = {
			isa = XCBuildConfiguration;
			buildSettings = {
				INFOPLIST_FILE = CoreMotionDemoUITests/Info.plist;
				LD_RUNPATH_SEARCH_PATHS = "$(inherited) @executable_path/Frameworks @loader_path/Frameworks";
				PRODUCT_BUNDLE_IDENTIFIER = com.surpriseforme.zhu.CoreMotionDemoUITests;
				PRODUCT_NAME = "$(TARGET_NAME)";
				TEST_TARGET_NAME = CoreMotionDemo;
				USES_XCTRUNNER = YES;
			};
			name = Debug;
		};
		306E7F5F1CB897C500F6E1C7 /* Release */ = {
			isa = XCBuildConfiguration;
			buildSettings = {
				INFOPLIST_FILE = CoreMotionDemoUITests/Info.plist;
				LD_RUNPATH_SEARCH_PATHS = "$(inherited) @executable_path/Frameworks @loader_path/Frameworks";
				PRODUCT_BUNDLE_IDENTIFIER = com.surpriseforme.zhu.CoreMotionDemoUITests;
				PRODUCT_NAME = "$(TARGET_NAME)";
				TEST_TARGET_NAME = CoreMotionDemo;
				USES_XCTRUNNER = YES;
			};
			name = Release;
		};
/* End XCBuildConfiguration section */

/* Begin XCConfigurationList section */
		306E7F251CB897C400F6E1C7 /* Build configuration list for PBXProject "CoreMotionDemo" */ = {
			isa = XCConfigurationList;
			buildConfigurations = (
				306E7F551CB897C500F6E1C7 /* Debug */,
				306E7F561CB897C500F6E1C7 /* Release */,
			);
			defaultConfigurationIsVisible = 0;
			defaultConfigurationName = Release;
		};
		306E7F571CB897C500F6E1C7 /* Build configuration list for PBXNativeTarget "CoreMotionDemo" */ = {
			isa = XCConfigurationList;
			buildConfigurations = (
				306E7F581CB897C500F6E1C7 /* Debug */,
				306E7F591CB897C500F6E1C7 /* Release */,
			);
			defaultConfigurationIsVisible = 0;
			defaultConfigurationName = Release;
		};
		306E7F5A1CB897C500F6E1C7 /* Build configuration list for PBXNativeTarget "CoreMotionDemoTests" */ = {
			isa = XCConfigurationList;
			buildConfigurations = (
				306E7F5B1CB897C500F6E1C7 /* Debug */,
				306E7F5C1CB897C500F6E1C7 /* Release */,
			);
			defaultConfigurationIsVisible = 0;
			defaultConfigurationName = Release;
		};
		306E7F5D1CB897C500F6E1C7 /* Build configuration list for PBXNativeTarget "CoreMotionDemoUITests" */ = {
			isa = XCConfigurationList;
			buildConfigurations = (
				306E7F5E1CB897C500F6E1C7 /* Debug */,
				306E7F5F1CB897C500F6E1C7 /* Release */,
			);
			defaultConfigurationIsVisible = 0;
			defaultConfigurationName = Release;
		};
/* End XCConfigurationList section */
	};
	rootObject = 306E7F221CB897C400F6E1C7 /* Project object */;
}
